// !$*UTF8*$!
{
	archiveVersion = 1;
	classes = {
	};
	objectVersion = 46;
	objects = {

/* Begin PBXBuildFile section */
		222816291A2B288A005259E8 /* main.m in Sources */ = {isa = PBXBuildFile; fileRef = 222816281A2B288A005259E8 /* main.m */; };
		2228162C1A2B288A005259E8 /* AppDelegate.m in Sources */ = {isa = PBXBuildFile; fileRef = 2228162B1A2B288A005259E8 /* AppDelegate.m */; };
		2228162F1A2B288A005259E8 /* ViewController.m in Sources */ = {isa = PBXBuildFile; fileRef = 2228162E1A2B288A005259E8 /* ViewController.m */; };
		222816321A2B288A005259E8 /* Main.storyboard in Resources */ = {isa = PBXBuildFile; fileRef = 222816301A2B288A005259E8 /* Main.storyboard */; };
		222816341A2B288A005259E8 /* Images.xcassets in Resources */ = {isa = PBXBuildFile; fileRef = 222816331A2B288A005259E8 /* Images.xcassets */; };
		222816371A2B288A005259E8 /* LaunchScreen.xib in Resources */ = {isa = PBXBuildFile; fileRef = 222816351A2B288A005259E8 /* LaunchScreen.xib */; };
		222816431A2B288A005259E8 /* GLBlender1Tests.m in Sources */ = {isa = PBXBuildFile; fileRef = 222816421A2B288A005259E8 /* GLBlender1Tests.m */; };
		2228164E1A2B2994005259E8 /* Cube.c in Sources */ = {isa = PBXBuildFile; fileRef = 2228164D1A2B2994005259E8 /* Cube.c */; };
		222816511A2B2A12005259E8 /* GLKit.framework in Frameworks */ = {isa = PBXBuildFile; fileRef = 2228164F1A2B2A12005259E8 /* GLKit.framework */; };
		222816521A2B2A12005259E8 /* OpenGLES.framework in Frameworks */ = {isa = PBXBuildFile; fileRef = 222816501A2B2A12005259E8 /* OpenGLES.framework */; };
		22D5E8911A2B3AAD00CA2562 /* cube.png in Resources */ = {isa = PBXBuildFile; fileRef = 22D5E8901A2B3AAD00CA2562 /* cube.png */; };
/* End PBXBuildFile section */

/* Begin PBXContainerItemProxy section */
		2228163D1A2B288A005259E8 /* PBXContainerItemProxy */ = {
			isa = PBXContainerItemProxy;
			containerPortal = 2228161B1A2B2889005259E8 /* Project object */;
			proxyType = 1;
			remoteGlobalIDString = 222816221A2B2889005259E8;
			remoteInfo = GLBlender1;
		};
/* End PBXContainerItemProxy section */

/* Begin PBXFileReference section */
		222816231A2B2889005259E8 /* GLBlender1.app */ = {isa = PBXFileReference; explicitFileType = wrapper.application; includeInIndex = 0; path = GLBlender1.app; sourceTree = BUILT_PRODUCTS_DIR; };
		222816271A2B288A005259E8 /* Info.plist */ = {isa = PBXFileReference; lastKnownFileType = text.plist.xml; path = Info.plist; sourceTree = "<group>"; };
		222816281A2B288A005259E8 /* main.m */ = {isa = PBXFileReference; lastKnownFileType = sourcecode.c.objc; path = main.m; sourceTree = "<group>"; };
		2228162A1A2B288A005259E8 /* AppDelegate.h */ = {isa = PBXFileReference; lastKnownFileType = sourcecode.c.h; path = AppDelegate.h; sourceTree = "<group>"; };
		2228162B1A2B288A005259E8 /* AppDelegate.m */ = {isa = PBXFileReference; lastKnownFileType = sourcecode.c.objc; path = AppDelegate.m; sourceTree = "<group>"; };
		2228162D1A2B288A005259E8 /* ViewController.h */ = {isa = PBXFileReference; lastKnownFileType = sourcecode.c.h; path = ViewController.h; sourceTree = "<group>"; };
		2228162E1A2B288A005259E8 /* ViewController.m */ = {isa = PBXFileReference; lastKnownFileType = sourcecode.c.objc; path = ViewController.m; sourceTree = "<group>"; };
		222816311A2B288A005259E8 /* Base */ = {isa = PBXFileReference; lastKnownFileType = file.storyboard; name = Base; path = Base.lproj/Main.storyboard; sourceTree = "<group>"; };
		222816331A2B288A005259E8 /* Images.xcassets */ = {isa = PBXFileReference; lastKnownFileType = folder.assetcatalog; path = Images.xcassets; sourceTree = "<group>"; };
		222816361A2B288A005259E8 /* Base */ = {isa = PBXFileReference; lastKnownFileType = file.xib; name = Base; path = Base.lproj/LaunchScreen.xib; sourceTree = "<group>"; };
		2228163C1A2B288A005259E8 /* GLBlender1Tests.xctest */ = {isa = PBXFileReference; explicitFileType = wrapper.cfbundle; includeInIndex = 0; path = GLBlender1Tests.xctest; sourceTree = BUILT_PRODUCTS_DIR; };
		222816411A2B288A005259E8 /* Info.plist */ = {isa = PBXFileReference; lastKnownFileType = text.plist.xml; path = Info.plist; sourceTree = "<group>"; };
		222816421A2B288A005259E8 /* GLBlender1Tests.m */ = {isa = PBXFileReference; lastKnownFileType = sourcecode.c.objc; path = GLBlender1Tests.m; sourceTree = "<group>"; };
		2228164C1A2B2977005259E8 /* Cube.h */ = {isa = PBXFileReference; fileEncoding = 4; lastKnownFileType = sourcecode.c.h; path = Cube.h; sourceTree = "<group>"; };
		2228164D1A2B2994005259E8 /* Cube.c */ = {isa = PBXFileReference; fileEncoding = 4; lastKnownFileType = sourcecode.c.c; path = Cube.c; sourceTree = "<group>"; };
		2228164F1A2B2A12005259E8 /* GLKit.framework */ = {isa = PBXFileReference; lastKnownFileType = wrapper.framework; name = GLKit.framework; path = System/Library/Frameworks/GLKit.framework; sourceTree = SDKROOT; };
		222816501A2B2A12005259E8 /* OpenGLES.framework */ = {isa = PBXFileReference; lastKnownFileType = wrapper.framework; name = OpenGLES.framework; path = System/Library/Frameworks/OpenGLES.framework; sourceTree = SDKROOT; };
		22D5E8901A2B3AAD00CA2562 /* cube.png */ = {isa = PBXFileReference; lastKnownFileType = image.png; path = cube.png; sourceTree = "<group>"; };
/* End PBXFileReference section */

/* Begin PBXFrameworksBuildPhase section */
		222816201A2B2889005259E8 /* Frameworks */ = {
			isa = PBXFrameworksBuildPhase;
			buildActionMask = 2147483647;
			files = (
				222816511A2B2A12005259E8 /* GLKit.framework in Frameworks */,
				222816521A2B2A12005259E8 /* OpenGLES.framework in Frameworks */,
			);
			runOnlyForDeploymentPostprocessing = 0;
		};
		222816391A2B288A005259E8 /* Frameworks */ = {
			isa = PBXFrameworksBuildPhase;
			buildActionMask = 2147483647;
			files = (
			);
			runOnlyForDeploymentPostprocessing = 0;
		};
/* End PBXFrameworksBuildPhase section */

/* Begin PBXGroup section */
		2228161A1A2B2889005259E8 = {
			isa = PBXGroup;
			children = (
				222816251A2B2889005259E8 /* GLBlender1 */,
				2228163F1A2B288A005259E8 /* GLBlender1Tests */,
				222816241A2B2889005259E8 /* Products */,
				2228164F1A2B2A12005259E8 /* GLKit.framework */,
				222816501A2B2A12005259E8 /* OpenGLES.framework */,
			);
			sourceTree = "<group>";
		};
		222816241A2B2889005259E8 /* Products */ = {
			isa = PBXGroup;
			children = (
				222816231A2B2889005259E8 /* GLBlender1.app */,
				2228163C1A2B288A005259E8 /* GLBlender1Tests.xctest */,
			);
			name = Products;
			sourceTree = "<group>";
		};
		222816251A2B2889005259E8 /* GLBlender1 */ = {
			isa = PBXGroup;
			children = (
				2228162A1A2B288A005259E8 /* AppDelegate.h */,
				2228162B1A2B288A005259E8 /* AppDelegate.m */,
				2228162D1A2B288A005259E8 /* ViewController.h */,
				2228162E1A2B288A005259E8 /* ViewController.m */,
				222816301A2B288A005259E8 /* Main.storyboard */,
				222816331A2B288A005259E8 /* Images.xcassets */,
				222816351A2B288A005259E8 /* LaunchScreen.xib */,
				222816261A2B288A005259E8 /* Supporting Files */,
				2228164C1A2B2977005259E8 /* Cube.h */,
				2228164D1A2B2994005259E8 /* Cube.c */,
			);
			path = GLBlender1;
			sourceTree = "<group>";
		};
		222816261A2B288A005259E8 /* Supporting Files */ = {
			isa = PBXGroup;
			children = (
				22D5E8901A2B3AAD00CA2562 /* cube.png */,
				222816271A2B288A005259E8 /* Info.plist */,
				222816281A2B288A005259E8 /* main.m */,
			);
			name = "Supporting Files";
			sourceTree = "<group>";
		};
		2228163F1A2B288A005259E8 /* GLBlender1Tests */ = {
			isa = PBXGroup;
			children = (
				222816421A2B288A005259E8 /* GLBlender1Tests.m */,
				222816401A2B288A005259E8 /* Supporting Files */,
			);
			path = GLBlender1Tests;
			sourceTree = "<group>";
		};
		222816401A2B288A005259E8 /* Supporting Files */ = {
			isa = PBXGroup;
			children = (
				222816411A2B288A005259E8 /* Info.plist */,
			);
			name = "Supporting Files";
			sourceTree = "<group>";
		};
/* End PBXGroup section */

/* Begin PBXNativeTarget section */
		222816221A2B2889005259E8 /* GLBlender1 */ = {
			isa = PBXNativeTarget;
			buildConfigurationList = 222816461A2B288A005259E8 /* Build configuration list for PBXNativeTarget "GLBlender1" */;
			buildPhases = (
				2228161F1A2B2889005259E8 /* Sources */,
				222816201A2B2889005259E8 /* Frameworks */,
				222816211A2B2889005259E8 /* Resources */,
			);
			buildRules = (
			);
			dependencies = (
			);
			name = GLBlender1;
			productName = GLBlender1;
			productReference = 222816231A2B2889005259E8 /* GLBlender1.app */;
			productType = "com.apple.product-type.application";
		};
		2228163B1A2B288A005259E8 /* GLBlender1Tests */ = {
			isa = PBXNativeTarget;
			buildConfigurationList = 222816491A2B288A005259E8 /* Build configuration list for PBXNativeTarget "GLBlender1Tests" */;
			buildPhases = (
				222816381A2B288A005259E8 /* Sources */,
				222816391A2B288A005259E8 /* Frameworks */,
				2228163A1A2B288A005259E8 /* Resources */,
			);
			buildRules = (
			);
			dependencies = (
				2228163E1A2B288A005259E8 /* PBXTargetDependency */,
			);
			name = GLBlender1Tests;
			productName = GLBlender1Tests;
			productReference = 2228163C1A2B288A005259E8 /* GLBlender1Tests.xctest */;
			productType = "com.apple.product-type.bundle.unit-test";
		};
/* End PBXNativeTarget section */

/* Begin PBXProject section */
		2228161B1A2B2889005259E8 /* Project object */ = {
			isa = PBXProject;
			attributes = {
				LastUpgradeCheck = 0610;
				ORGANIZATIONNAME = "Super User";
				TargetAttributes = {
					222816221A2B2889005259E8 = {
						CreatedOnToolsVersion = 6.1;
						DevelopmentTeam = V9QY8FVDZK;
					};
					2228163B1A2B288A005259E8 = {
						CreatedOnToolsVersion = 6.1;
						TestTargetID = 222816221A2B2889005259E8;
					};
				};
			};
			buildConfigurationList = 2228161E1A2B2889005259E8 /* Build configuration list for PBXProject "GLBlender1" */;
			compatibilityVersion = "Xcode 3.2";
			developmentRegion = English;
			hasScannedForEncodings = 0;
			knownRegions = (
				en,
				Base,
			);
			mainGroup = 2228161A1A2B2889005259E8;
			productRefGroup = 222816241A2B2889005259E8 /* Products */;
			projectDirPath = "";
			projectRoot = "";
			targets = (
				222816221A2B2889005259E8 /* GLBlender1 */,
				2228163B1A2B288A005259E8 /* GLBlender1Tests */,
			);
		};
/* End PBXProject section */

/* Begin PBXResourcesBuildPhase section */
		222816211A2B2889005259E8 /* Resources */ = {
			isa = PBXResourcesBuildPhase;
			buildActionMask = 2147483647;
			files = (
				222816321A2B288A005259E8 /* Main.storyboard in Resources */,
				222816371A2B288A005259E8 /* LaunchScreen.xib in Resources */,
				22D5E8911A2B3AAD00CA2562 /* cube.png in Resources */,
				222816341A2B288A005259E8 /* Images.xcassets in Resources */,
			);
			runOnlyForDeploymentPostprocessing = 0;
		};
		2228163A1A2B288A005259E8 /* Resources */ = {
			isa = PBXResourcesBuildPhase;
			buildActionMask = 2147483647;
			files = (
			);
			runOnlyForDeploymentPostprocessing = 0;
		};
/* End PBXResourcesBuildPhase section */

/* Begin PBXSourcesBuildPhase section */
		2228161F1A2B2889005259E8 /* Sources */ = {
			isa = PBXSourcesBuildPhase;
			buildActionMask = 2147483647;
			files = (
				2228162F1A2B288A005259E8 /* ViewController.m in Sources */,
				2228162C1A2B288A005259E8 /* AppDelegate.m in Sources */,
				2228164E1A2B2994005259E8 /* Cube.c in Sources */,
				222816291A2B288A005259E8 /* main.m in Sources */,
			);
			runOnlyForDeploymentPostprocessing = 0;
		};
		222816381A2B288A005259E8 /* Sources */ = {
			isa = PBXSourcesBuildPhase;
			buildActionMask = 2147483647;
			files = (
				222816431A2B288A005259E8 /* GLBlender1Tests.m in Sources */,
			);
			runOnlyForDeploymentPostprocessing = 0;
		};
/* End PBXSourcesBuildPhase section */

/* Begin PBXTargetDependency section */
		2228163E1A2B288A005259E8 /* PBXTargetDependency */ = {
			isa = PBXTargetDependency;
			target = 222816221A2B2889005259E8 /* GLBlender1 */;
			targetProxy = 2228163D1A2B288A005259E8 /* PBXContainerItemProxy */;
		};
/* End PBXTargetDependency section */

/* Begin PBXVariantGroup section */
		222816301A2B288A005259E8 /* Main.storyboard */ = {
			isa = PBXVariantGroup;
			children = (
				222816311A2B288A005259E8 /* Base */,
			);
			name = Main.storyboard;
			sourceTree = "<group>";
		};
		222816351A2B288A005259E8 /* LaunchScreen.xib */ = {
			isa = PBXVariantGroup;
			children = (
				222816361A2B288A005259E8 /* Base */,
			);
			name = LaunchScreen.xib;
			sourceTree = "<group>";
		};
/* End PBXVariantGroup section */

/* Begin XCBuildConfiguration section */
		222816441A2B288A005259E8 /* Debug */ = {
			isa = XCBuildConfiguration;
			buildSettings = {
				ALWAYS_SEARCH_USER_PATHS = NO;
				CLANG_CXX_LANGUAGE_STANDARD = "gnu++0x";
				CLANG_CXX_LIBRARY = "libc++";
				CLANG_ENABLE_MODULES = YES;
				CLANG_ENABLE_OBJC_ARC = YES;
				CLANG_WARN_BOOL_CONVERSION = YES;
				CLANG_WARN_CONSTANT_CONVERSION = YES;
				CLANG_WARN_DIRECT_OBJC_ISA_USAGE = YES_ERROR;
				CLANG_WARN_EMPTY_BODY = YES;
				CLANG_WARN_ENUM_CONVERSION = YES;
				CLANG_WARN_INT_CONVERSION = YES;
				CLANG_WARN_OBJC_ROOT_CLASS = YES_ERROR;
				CLANG_WARN_UNREACHABLE_CODE = YES;
				CLANG_WARN__DUPLICATE_METHOD_MATCH = YES;
				"CODE_SIGN_IDENTITY[sdk=iphoneos*]" = "iPhone Developer";
				COPY_PHASE_STRIP = NO;
				ENABLE_STRICT_OBJC_MSGSEND = YES;
				GCC_C_LANGUAGE_STANDARD = gnu99;
				GCC_DYNAMIC_NO_PIC = NO;
				GCC_OPTIMIZATION_LEVEL = 0;
				GCC_PREPROCESSOR_DEFINITIONS = (
					"DEBUG=1",
					"$(inherited)",
				);
				GCC_SYMBOLS_PRIVATE_EXTERN = NO;
				GCC_WARN_64_TO_32_BIT_CONVERSION = YES;
				GCC_WARN_ABOUT_RETURN_TYPE = YES_ERROR;
				GCC_WARN_UNDECLARED_SELECTOR = YES;
				GCC_WARN_UNINITIALIZED_AUTOS = YES_AGGRESSIVE;
				GCC_WARN_UNUSED_FUNCTION = YES;
				GCC_WARN_UNUSED_VARIABLE = YES;
				IPHONEOS_DEPLOYMENT_TARGET = 8.1;
				MTL_ENABLE_DEBUG_INFO = YES;
				ONLY_ACTIVE_ARCH = YES;
				SDKROOT = iphoneos;
				TARGETED_DEVICE_FAMILY = "1,2";
			};
			name = Debug;
		};
		222816451A2B288A005259E8 /* Release */ = {
			isa = XCBuildConfiguration;
			buildSettings = {
				ALWAYS_SEARCH_USER_PATHS = NO;
				CLANG_CXX_LANGUAGE_STANDARD = "gnu++0x";
				CLANG_CXX_LIBRARY = "libc++";
				CLANG_ENABLE_MODULES = YES;
				CLANG_ENABLE_OBJC_ARC = YES;
				CLANG_WARN_BOOL_CONVERSION = YES;
				CLANG_WARN_CONSTANT_CONVERSION = YES;
				CLANG_WARN_DIRECT_OBJC_ISA_USAGE = YES_ERROR;
				CLANG_WARN_EMPTY_BODY = YES;
				CLANG_WARN_ENUM_CONVERSION = YES;
				CLANG_WARN_INT_CONVERSION = YES;
				CLANG_WARN_OBJC_ROOT_CLASS = YES_ERROR;
				CLANG_WARN_UNREACHABLE_CODE = YES;
				CLANG_WARN__DUPLICATE_METHOD_MATCH = YES;
				"CODE_SIGN_IDENTITY[sdk=iphoneos*]" = "iPhone Developer";
				COPY_PHASE_STRIP = YES;
				ENABLE_NS_ASSERTIONS = NO;
				ENABLE_STRICT_OBJC_MSGSEND = YES;
				GCC_C_LANGUAGE_STANDARD = gnu99;
				GCC_WARN_64_TO_32_BIT_CONVERSION = YES;
				GCC_WARN_ABOUT_RETURN_TYPE = YES_ERROR;
				GCC_WARN_UNDECLARED_SELECTOR = YES;
				GCC_WARN_UNINITIALIZED_AUTOS = YES_AGGRESSIVE;
				GCC_WARN_UNUSED_FUNCTION = YES;
				GCC_WARN_UNUSED_VARIABLE = YES;
				IPHONEOS_DEPLOYMENT_TARGET = 8.1;
				MTL_ENABLE_DEBUG_INFO = NO;
				SDKROOT = iphoneos;
				TARGETED_DEVICE_FAMILY = "1,2";
				VALIDATE_PRODUCT = YES;
			};
			name = Release;
		};
		222816471A2B288A005259E8 /* Debug */ = {
			isa = XCBuildConfiguration;
			buildSettings = {
				ASSETCATALOG_COMPILER_APPICON_NAME = AppIcon;
				INFOPLIST_FILE = GLBlender1/Info.plist;
				LD_RUNPATH_SEARCH_PATHS = "$(inherited) @executable_path/Frameworks";
				PRODUCT_NAME = "$(TARGET_NAME)";
			};
			name = Debug;
		};
		222816481A2B288A005259E8 /* Release */ = {
			isa = XCBuildConfiguration;
			buildSettings = {
				ASSETCATALOG_COMPILER_APPICON_NAME = AppIcon;
				INFOPLIST_FILE = GLBlender1/Info.plist;
				LD_RUNPATH_SEARCH_PATHS = "$(inherited) @executable_path/Frameworks";
				PRODUCT_NAME = "$(TARGET_NAME)";
			};
			name = Release;
		};
		2228164A1A2B288A005259E8 /* Debug */ = {
			isa = XCBuildConfiguration;
			buildSettings = {
				BUNDLE_LOADER = "$(TEST_HOST)";
				FRAMEWORK_SEARCH_PATHS = (
					"$(SDKROOT)/Developer/Library/Frameworks",
					"$(inherited)",
				);
				GCC_PREPROCESSOR_DEFINITIONS = (
					"DEBUG=1",
					"$(inherited)",
				);
				INFOPLIST_FILE = GLBlender1Tests/Info.plist;
				LD_RUNPATH_SEARCH_PATHS = "$(inherited) @executable_path/Frameworks @loader_path/Frameworks";
				PRODUCT_NAME = "$(TARGET_NAME)";
				TEST_HOST = "$(BUILT_PRODUCTS_DIR)/GLBlender1.app/GLBlender1";
			};
			name = Debug;
		};
		2228164B1A2B288A005259E8 /* Release */ = {
			isa = XCBuildConfiguration;
			buildSettings = {
				BUNDLE_LOADER = "$(TEST_HOST)";
				FRAMEWORK_SEARCH_PATHS = (
					"$(SDKROOT)/Developer/Library/Frameworks",
					"$(inherited)",
				);
				INFOPLIST_FILE = GLBlender1Tests/Info.plist;
				LD_RUNPATH_SEARCH_PATHS = "$(inherited) @executable_path/Frameworks @loader_path/Frameworks";
				PRODUCT_NAME = "$(TARGET_NAME)";
				TEST_HOST = "$(BUILT_PRODUCTS_DIR)/GLBlender1.app/GLBlender1";
			};
			name = Release;
		};
/* End XCBuildConfiguration section */

/* Begin XCConfigurationList section */
		2228161E1A2B2889005259E8 /* Build configuration list for PBXProject "GLBlender1" */ = {
			isa = XCConfigurationList;
			buildConfigurations = (
				222816441A2B288A005259E8 /* Debug */,
				222816451A2B288A005259E8 /* Release */,
			);
			defaultConfigurationIsVisible = 0;
			defaultConfigurationName = Release;
		};
		222816461A2B288A005259E8 /* Build configuration list for PBXNativeTarget "GLBlender1" */ = {
			isa = XCConfigurationList;
			buildConfigurations = (
				222816471A2B288A005259E8 /* Debug */,
				222816481A2B288A005259E8 /* Release */,
			);
			defaultConfigurationIsVisible = 0;
			defaultConfigurationName = Release;
		};
		222816491A2B288A005259E8 /* Build configuration list for PBXNativeTarget "GLBlender1Tests" */ = {
			isa = XCConfigurationList;
			buildConfigurations = (
				2228164A1A2B288A005259E8 /* Debug */,
				2228164B1A2B288A005259E8 /* Release */,
			);
			defaultConfigurationIsVisible = 0;
			defaultConfigurationName = Release;
		};
/* End XCConfigurationList section */
	};
	rootObject = 2228161B1A2B2889005259E8 /* Project object */;
}
